// !$*UTF8*$!
{
	archiveVersion = 1;
	classes = {
	};
	objectVersion = 77;
	objects = {

/* Begin PBXBuildFile section */
		2B6639142DA310240091AEF3 /* SDWebImageSwiftUI in Frameworks */ = {isa = PBXBuildFile; productRef = 2B6639132DA310240091AEF3 /* SDWebImageSwiftUI */; };
		2B6639172DA3102E0091AEF3 /* SwiftfulUI in Frameworks */ = {isa = PBXBuildFile; productRef = 2B6639162DA3102E0091AEF3 /* SwiftfulUI */; };
		2B66391A2DA310390091AEF3 /* SwiftfulRouting in Frameworks */ = {isa = PBXBuildFile; productRef = 2B6639192DA310390091AEF3 /* SwiftfulRouting */; };
/* End PBXBuildFile section */

/* Begin PBXContainerItemProxy section */
		375A3CBB2D93778A002D05FC /* PBXContainerItemProxy */ = {
			isa = PBXContainerItemProxy;
			containerPortal = 375A3C9D2D937789002D05FC /* Project object */;
			proxyType = 1;
			remoteGlobalIDString = 375A3CA42D937789002D05FC;
			remoteInfo = Spotifyish;
		};
		375A3CC52D93778A002D05FC /* PBXContainerItemProxy */ = {
			isa = PBXContainerItemProxy;
			containerPortal = 375A3C9D2D937789002D05FC /* Project object */;
			proxyType = 1;
			remoteGlobalIDString = 375A3CA42D937789002D05FC;
			remoteInfo = Spotifyish;
		};
/* End PBXContainerItemProxy section */

/* Begin PBXFileReference section */
		375A3CA52D937789002D05FC /* Spotifyish.app */ = {isa = PBXFileReference; explicitFileType = wrapper.application; includeInIndex = 0; path = Spotifyish.app; sourceTree = BUILT_PRODUCTS_DIR; };
		375A3CBA2D93778A002D05FC /* SpotifyishTests.xctest */ = {isa = PBXFileReference; explicitFileType = wrapper.cfbundle; includeInIndex = 0; path = SpotifyishTests.xctest; sourceTree = BUILT_PRODUCTS_DIR; };
		375A3CC42D93778A002D05FC /* SpotifyishUITests.xctest */ = {isa = PBXFileReference; explicitFileType = wrapper.cfbundle; includeInIndex = 0; path = SpotifyishUITests.xctest; sourceTree = BUILT_PRODUCTS_DIR; };
/* End PBXFileReference section */

/* Begin PBXFileSystemSynchronizedRootGroup section */
		375A3CA72D937789002D05FC /* Spotifyish */ = {
			isa = PBXFileSystemSynchronizedRootGroup;
			path = Spotifyish;
			sourceTree = "<group>";
		};
		375A3CBD2D93778A002D05FC /* SpotifyishTests */ = {
			isa = PBXFileSystemSynchronizedRootGroup;
			path = SpotifyishTests;
			sourceTree = "<group>";
		};
		375A3CC72D93778A002D05FC /* SpotifyishUITests */ = {
			isa = PBXFileSystemSynchronizedRootGroup;
			path = SpotifyishUITests;
			sourceTree = "<group>";
		};
/* End PBXFileSystemSynchronizedRootGroup section */

/* Begin PBXFrameworksBuildPhase section */
		375A3CA22D937789002D05FC /* Frameworks */ = {
			isa = PBXFrameworksBuildPhase;
			buildActionMask = 2147483647;
			files = (
				2B6639172DA3102E0091AEF3 /* SwiftfulUI in Frameworks */,
				2B66391A2DA310390091AEF3 /* SwiftfulRouting in Frameworks */,
				2B6639142DA310240091AEF3 /* SDWebImageSwiftUI in Frameworks */,
			);
			runOnlyForDeploymentPostprocessing = 0;
		};
		375A3CB72D93778A002D05FC /* Frameworks */ = {
			isa = PBXFrameworksBuildPhase;
			buildActionMask = 2147483647;
			files = (
			);
			runOnlyForDeploymentPostprocessing = 0;
		};
		375A3CC12D93778A002D05FC /* Frameworks */ = {
			isa = PBXFrameworksBuildPhase;
			buildActionMask = 2147483647;
			files = (
			);
			runOnlyForDeploymentPostprocessing = 0;
		};
/* End PBXFrameworksBuildPhase section */

/* Begin PBXGroup section */
		375A3C9C2D937789002D05FC = {
			isa = PBXGroup;
			children = (
				375A3CA72D937789002D05FC /* Spotifyish */,
				375A3CBD2D93778A002D05FC /* SpotifyishTests */,
				375A3CC72D93778A002D05FC /* SpotifyishUITests */,
				375A3CA62D937789002D05FC /* Products */,
			);
			sourceTree = "<group>";
		};
		375A3CA62D937789002D05FC /* Products */ = {
			isa = PBXGroup;
			children = (
				375A3CA52D937789002D05FC /* Spotifyish.app */,
				375A3CBA2D93778A002D05FC /* SpotifyishTests.xctest */,
				375A3CC42D93778A002D05FC /* SpotifyishUITests.xctest */,
			);
			name = Products;
			sourceTree = "<group>";
		};
/* End PBXGroup section */

/* Begin PBXNativeTarget section */
		375A3CA42D937789002D05FC /* Spotifyish */ = {
			isa = PBXNativeTarget;
			buildConfigurationList = 375A3CCE2D93778A002D05FC /* Build configuration list for PBXNativeTarget "Spotifyish" */;
			buildPhases = (
				375A3CA12D937789002D05FC /* Sources */,
				375A3CA22D937789002D05FC /* Frameworks */,
				375A3CA32D937789002D05FC /* Resources */,
			);
			buildRules = (
			);
			dependencies = (
			);
			fileSystemSynchronizedGroups = (
				375A3CA72D937789002D05FC /* Spotifyish */,
			);
			name = Spotifyish;
			packageProductDependencies = (
				2B6639132DA310240091AEF3 /* SDWebImageSwiftUI */,
				2B6639162DA3102E0091AEF3 /* SwiftfulUI */,
				2B6639192DA310390091AEF3 /* SwiftfulRouting */,
			);
			productName = Spotifyish;
			productReference = 375A3CA52D937789002D05FC /* Spotifyish.app */;
			productType = "com.apple.product-type.application";
		};
		375A3CB92D93778A002D05FC /* SpotifyishTests */ = {
			isa = PBXNativeTarget;
			buildConfigurationList = 375A3CD12D93778A002D05FC /* Build configuration list for PBXNativeTarget "SpotifyishTests" */;
			buildPhases = (
				375A3CB62D93778A002D05FC /* Sources */,
				375A3CB72D93778A002D05FC /* Frameworks */,
				375A3CB82D93778A002D05FC /* Resources */,
			);
			buildRules = (
			);
			dependencies = (
				375A3CBC2D93778A002D05FC /* PBXTargetDependency */,
			);
			fileSystemSynchronizedGroups = (
				375A3CBD2D93778A002D05FC /* SpotifyishTests */,
			);
			name = SpotifyishTests;
			packageProductDependencies = (
			);
			productName = SpotifyishTests;
			productReference = 375A3CBA2D93778A002D05FC /* SpotifyishTests.xctest */;
			productType = "com.apple.product-type.bundle.unit-test";
		};
		375A3CC32D93778A002D05FC /* SpotifyishUITests */ = {
			isa = PBXNativeTarget;
			buildConfigurationList = 375A3CD42D93778A002D05FC /* Build configuration list for PBXNativeTarget "SpotifyishUITests" */;
			buildPhases = (
				375A3CC02D93778A002D05FC /* Sources */,
				375A3CC12D93778A002D05FC /* Frameworks */,
				375A3CC22D93778A002D05FC /* Resources */,
			);
			buildRules = (
			);
			dependencies = (
				375A3CC62D93778A002D05FC /* PBXTargetDependency */,
			);
			fileSystemSynchronizedGroups = (
				375A3CC72D93778A002D05FC /* SpotifyishUITests */,
			);
			name = SpotifyishUITests;
			packageProductDependencies = (
			);
			productName = SpotifyishUITests;
			productReference = 375A3CC42D93778A002D05FC /* SpotifyishUITests.xctest */;
			productType = "com.apple.product-type.bundle.ui-testing";
		};
/* End PBXNativeTarget section */

/* Begin PBXProject section */
		375A3C9D2D937789002D05FC /* Project object */ = {
			isa = PBXProject;
			attributes = {
				BuildIndependentTargetsInParallel = 1;
				LastSwiftUpdateCheck = 1620;
				LastUpgradeCheck = 1620;
				TargetAttributes = {
					375A3CA42D937789002D05FC = {
						CreatedOnToolsVersion = 16.2;
					};
					375A3CB92D93778A002D05FC = {
						CreatedOnToolsVersion = 16.2;
						TestTargetID = 375A3CA42D937789002D05FC;
					};
					375A3CC32D93778A002D05FC = {
						CreatedOnToolsVersion = 16.2;
						TestTargetID = 375A3CA42D937789002D05FC;
					};
				};
			};
			buildConfigurationList = 375A3CA02D937789002D05FC /* Build configuration list for PBXProject "Spotifyish" */;
			developmentRegion = en;
			hasScannedForEncodings = 0;
			knownRegions = (
				en,
				Base,
			);
			mainGroup = 375A3C9C2D937789002D05FC;
			minimizedProjectReferenceProxies = 1;
			packageReferences = (
				2B6639122DA310240091AEF3 /* XCRemoteSwiftPackageReference "SDWebImageSwiftUI" */,
				2B6639152DA3102E0091AEF3 /* XCRemoteSwiftPackageReference "SwiftfulUI" */,
				2B6639182DA310390091AEF3 /* XCRemoteSwiftPackageReference "SwiftfulRouting" */,
			);
			preferredProjectObjectVersion = 77;
			productRefGroup = 375A3CA62D937789002D05FC /* Products */;
			projectDirPath = "";
			projectRoot = "";
			targets = (
				375A3CA42D937789002D05FC /* Spotifyish */,
				375A3CB92D93778A002D05FC /* SpotifyishTests */,
				375A3CC32D93778A002D05FC /* SpotifyishUITests */,
			);
		};
/* End PBXProject section */

/* Begin PBXResourcesBuildPhase section */
		375A3CA32D937789002D05FC /* Resources */ = {
			isa = PBXResourcesBuildPhase;
			buildActionMask = 2147483647;
			files = (
			);
			runOnlyForDeploymentPostprocessing = 0;
		};
		375A3CB82D93778A002D05FC /* Resources */ = {
			isa = PBXResourcesBuildPhase;
			buildActionMask = 2147483647;
			files = (
			);
			runOnlyForDeploymentPostprocessing = 0;
		};
		375A3CC22D93778A002D05FC /* Resources */ = {
			isa = PBXResourcesBuildPhase;
			buildActionMask = 2147483647;
			files = (
			);
			runOnlyForDeploymentPostprocessing = 0;
		};
/* End PBXResourcesBuildPhase section */

/* Begin PBXSourcesBuildPhase section */
		375A3CA12D937789002D05FC /* Sources */ = {
			isa = PBXSourcesBuildPhase;
			buildActionMask = 2147483647;
			files = (
			);
			runOnlyForDeploymentPostprocessing = 0;
		};
		375A3CB62D93778A002D05FC /* Sources */ = {
			isa = PBXSourcesBuildPhase;
			buildActionMask = 2147483647;
			files = (
			);
			runOnlyForDeploymentPostprocessing = 0;
		};
		375A3CC02D93778A002D05FC /* Sources */ = {
			isa = PBXSourcesBuildPhase;
			buildActionMask = 2147483647;
			files = (
			);
			runOnlyForDeploymentPostprocessing = 0;
		};
/* End PBXSourcesBuildPhase section */

/* Begin PBXTargetDependency section */
		375A3CBC2D93778A002D05FC /* PBXTargetDependency */ = {
			isa = PBXTargetDependency;
			target = 375A3CA42D937789002D05FC /* Spotifyish */;
			targetProxy = 375A3CBB2D93778A002D05FC /* PBXContainerItemProxy */;
		};
		375A3CC62D93778A002D05FC /* PBXTargetDependency */ = {
			isa = PBXTargetDependency;
			target = 375A3CA42D937789002D05FC /* Spotifyish */;
			targetProxy = 375A3CC52D93778A002D05FC /* PBXContainerItemProxy */;
		};
/* End PBXTargetDependency section */

/* Begin XCBuildConfiguration section */
		375A3CCC2D93778A002D05FC /* Debug */ = {
			isa = XCBuildConfiguration;
			buildSettings = {
				ALWAYS_SEARCH_USER_PATHS = NO;
				ASSETCATALOG_COMPILER_GENERATE_SWIFT_ASSET_SYMBOL_EXTENSIONS = YES;
				CLANG_ANALYZER_NONNULL = YES;
				CLANG_ANALYZER_NUMBER_OBJECT_CONVERSION = YES_AGGRESSIVE;
				CLANG_CXX_LANGUAGE_STANDARD = "gnu++20";
				CLANG_ENABLE_MODULES = YES;
				CLANG_ENABLE_OBJC_ARC = YES;
				CLANG_ENABLE_OBJC_WEAK = YES;
				CLANG_WARN_BLOCK_CAPTURE_AUTORELEASING = YES;
				CLANG_WARN_BOOL_CONVERSION = YES;
				CLANG_WARN_COMMA = YES;
				CLANG_WARN_CONSTANT_CONVERSION = YES;
				CLANG_WARN_DEPRECATED_OBJC_IMPLEMENTATIONS = YES;
				CLANG_WARN_DIRECT_OBJC_ISA_USAGE = YES_ERROR;
				CLANG_WARN_DOCUMENTATION_COMMENTS = YES;
				CLANG_WARN_EMPTY_BODY = YES;
				CLANG_WARN_ENUM_CONVERSION = YES;
				CLANG_WARN_INFINITE_RECURSION = YES;
				CLANG_WARN_INT_CONVERSION = YES;
				CLANG_WARN_NON_LITERAL_NULL_CONVERSION = YES;
				CLANG_WARN_OBJC_IMPLICIT_RETAIN_SELF = YES;
				CLANG_WARN_OBJC_LITERAL_CONVERSION = YES;
				CLANG_WARN_OBJC_ROOT_CLASS = YES_ERROR;
				CLANG_WARN_QUOTED_INCLUDE_IN_FRAMEWORK_HEADER = YES;
				CLANG_WARN_RANGE_LOOP_ANALYSIS = YES;
				CLANG_WARN_STRICT_PROTOTYPES = YES;
				CLANG_WARN_SUSPICIOUS_MOVE = YES;
				CLANG_WARN_UNGUARDED_AVAILABILITY = YES_AGGRESSIVE;
				CLANG_WARN_UNREACHABLE_CODE = YES;
				CLANG_WARN__DUPLICATE_METHOD_MATCH = YES;
				COPY_PHASE_STRIP = NO;
				DEBUG_INFORMATION_FORMAT = dwarf;
				ENABLE_STRICT_OBJC_MSGSEND = YES;
				ENABLE_TESTABILITY = YES;
				ENABLE_USER_SCRIPT_SANDBOXING = YES;
				GCC_C_LANGUAGE_STANDARD = gnu17;
				GCC_DYNAMIC_NO_PIC = NO;
				GCC_NO_COMMON_BLOCKS = YES;
				GCC_OPTIMIZATION_LEVEL = 0;
				GCC_PREPROCESSOR_DEFINITIONS = (
					"DEBUG=1",
					"$(inherited)",
				);
				GCC_WARN_64_TO_32_BIT_CONVERSION = YES;
				GCC_WARN_ABOUT_RETURN_TYPE = YES_ERROR;
				GCC_WARN_UNDECLARED_SELECTOR = YES;
				GCC_WARN_UNINITIALIZED_AUTOS = YES_AGGRESSIVE;
				GCC_WARN_UNUSED_FUNCTION = YES;
				GCC_WARN_UNUSED_VARIABLE = YES;
				IPHONEOS_DEPLOYMENT_TARGET = 18.2;
				LOCALIZATION_PREFERS_STRING_CATALOGS = YES;
				MTL_ENABLE_DEBUG_INFO = INCLUDE_SOURCE;
				MTL_FAST_MATH = YES;
				ONLY_ACTIVE_ARCH = YES;
				SDKROOT = iphoneos;
				SWIFT_ACTIVE_COMPILATION_CONDITIONS = "DEBUG $(inherited)";
				SWIFT_OPTIMIZATION_LEVEL = "-Onone";
			};
			name = Debug;
		};
		375A3CCD2D93778A002D05FC /* Release */ = {
			isa = XCBuildConfiguration;
			buildSettings = {
				ALWAYS_SEARCH_USER_PATHS = NO;
				ASSETCATALOG_COMPILER_GENERATE_SWIFT_ASSET_SYMBOL_EXTENSIONS = YES;
				CLANG_ANALYZER_NONNULL = YES;
				CLANG_ANALYZER_NUMBER_OBJECT_CONVERSION = YES_AGGRESSIVE;
				CLANG_CXX_LANGUAGE_STANDARD = "gnu++20";
				CLANG_ENABLE_MODULES = YES;
				CLANG_ENABLE_OBJC_ARC = YES;
				CLANG_ENABLE_OBJC_WEAK = YES;
				CLANG_WARN_BLOCK_CAPTURE_AUTORELEASING = YES;
				CLANG_WARN_BOOL_CONVERSION = YES;
				CLANG_WARN_COMMA = YES;
				CLANG_WARN_CONSTANT_CONVERSION = YES;
				CLANG_WARN_DEPRECATED_OBJC_IMPLEMENTATIONS = YES;
				CLANG_WARN_DIRECT_OBJC_ISA_USAGE = YES_ERROR;
				CLANG_WARN_DOCUMENTATION_COMMENTS = YES;
				CLANG_WARN_EMPTY_BODY = YES;
				CLANG_WARN_ENUM_CONVERSION = YES;
				CLANG_WARN_INFINITE_RECURSION = YES;
				CLANG_WARN_INT_CONVERSION = YES;
				CLANG_WARN_NON_LITERAL_NULL_CONVERSION = YES;
				CLANG_WARN_OBJC_IMPLICIT_RETAIN_SELF = YES;
				CLANG_WARN_OBJC_LITERAL_CONVERSION = YES;
				CLANG_WARN_OBJC_ROOT_CLASS = YES_ERROR;
				CLANG_WARN_QUOTED_INCLUDE_IN_FRAMEWORK_HEADER = YES;
				CLANG_WARN_RANGE_LOOP_ANALYSIS = YES;
				CLANG_WARN_STRICT_PROTOTYPES = YES;
				CLANG_WARN_SUSPICIOUS_MOVE = YES;
				CLANG_WARN_UNGUARDED_AVAILABILITY = YES_AGGRESSIVE;
				CLANG_WARN_UNREACHABLE_CODE = YES;
				CLANG_WARN__DUPLICATE_METHOD_MATCH = YES;
				COPY_PHASE_STRIP = NO;
				DEBUG_INFORMATION_FORMAT = "dwarf-with-dsym";
				ENABLE_NS_ASSERTIONS = NO;
				ENABLE_STRICT_OBJC_MSGSEND = YES;
				ENABLE_USER_SCRIPT_SANDBOXING = YES;
				GCC_C_LANGUAGE_STANDARD = gnu17;
				GCC_NO_COMMON_BLOCKS = YES;
				GCC_WARN_64_TO_32_BIT_CONVERSION = YES;
				GCC_WARN_ABOUT_RETURN_TYPE = YES_ERROR;
				GCC_WARN_UNDECLARED_SELECTOR = YES;
				GCC_WARN_UNINITIALIZED_AUTOS = YES_AGGRESSIVE;
				GCC_WARN_UNUSED_FUNCTION = YES;
				GCC_WARN_UNUSED_VARIABLE = YES;
				IPHONEOS_DEPLOYMENT_TARGET = 18.2;
				LOCALIZATION_PREFERS_STRING_CATALOGS = YES;
				MTL_ENABLE_DEBUG_INFO = NO;
				MTL_FAST_MATH = YES;
				SDKROOT = iphoneos;
				SWIFT_COMPILATION_MODE = wholemodule;
				VALIDATE_PRODUCT = YES;
			};
			name = Release;
		};
		375A3CCF2D93778A002D05FC /* Debug */ = {
			isa = XCBuildConfiguration;
			buildSettings = {
				ASSETCATALOG_COMPILER_APPICON_NAME = AppIcon;
				ASSETCATALOG_COMPILER_GLOBAL_ACCENT_COLOR_NAME = AccentColor;
				CODE_SIGN_STYLE = Automatic;
				CURRENT_PROJECT_VERSION = 1;
				DEVELOPMENT_ASSET_PATHS = "\"Spotifyish/Preview Content\"";
				DEVELOPMENT_TEAM = D8ABT7TUL8;
				ENABLE_PREVIEWS = YES;
				GENERATE_INFOPLIST_FILE = YES;
				INFOPLIST_KEY_UIApplicationSceneManifest_Generation = YES;
				INFOPLIST_KEY_UIApplicationSupportsIndirectInputEvents = YES;
				INFOPLIST_KEY_UILaunchScreen_Generation = YES;
				INFOPLIST_KEY_UISupportedInterfaceOrientations_iPad = "UIInterfaceOrientationPortrait UIInterfaceOrientationPortraitUpsideDown UIInterfaceOrientationLandscapeLeft UIInterfaceOrientationLandscapeRight";
				INFOPLIST_KEY_UISupportedInterfaceOrientations_iPhone = "UIInterfaceOrientationPortrait UIInterfaceOrientationLandscapeLeft UIInterfaceOrientationLandscapeRight";
				LD_RUNPATH_SEARCH_PATHS = (
					"$(inherited)",
					"@executable_path/Frameworks",
				);
				MARKETING_VERSION = 1.0;
				PRODUCT_BUNDLE_IDENTIFIER = cs6221.Spotifyish;
				PRODUCT_NAME = "$(TARGET_NAME)";
				SWIFT_EMIT_LOC_STRINGS = YES;
				SWIFT_VERSION = 5.0;
				TARGETED_DEVICE_FAMILY = "1,2";
			};
			name = Debug;
		};
		375A3CD02D93778A002D05FC /* Release */ = {
			isa = XCBuildConfiguration;
			buildSettings = {
				ASSETCATALOG_COMPILER_APPICON_NAME = AppIcon;
				ASSETCATALOG_COMPILER_GLOBAL_ACCENT_COLOR_NAME = AccentColor;
				CODE_SIGN_STYLE = Automatic;
				CURRENT_PROJECT_VERSION = 1;
				DEVELOPMENT_ASSET_PATHS = "\"Spotifyish/Preview Content\"";
				DEVELOPMENT_TEAM = D8ABT7TUL8;
				ENABLE_PREVIEWS = YES;
				GENERATE_INFOPLIST_FILE = YES;
				INFOPLIST_KEY_UIApplicationSceneManifest_Generation = YES;
				INFOPLIST_KEY_UIApplicationSupportsIndirectInputEvents = YES;
				INFOPLIST_KEY_UILaunchScreen_Generation = YES;
				INFOPLIST_KEY_UISupportedInterfaceOrientations_iPad = "UIInterfaceOrientationPortrait UIInterfaceOrientationPortraitUpsideDown UIInterfaceOrientationLandscapeLeft UIInterfaceOrientationLandscapeRight";
				INFOPLIST_KEY_UISupportedInterfaceOrientations_iPhone = "UIInterfaceOrientationPortrait UIInterfaceOrientationLandscapeLeft UIInterfaceOrientationLandscapeRight";
				LD_RUNPATH_SEARCH_PATHS = (
					"$(inherited)",
					"@executable_path/Frameworks",
				);
				MARKETING_VERSION = 1.0;
				PRODUCT_BUNDLE_IDENTIFIER = cs6221.Spotifyish;
				PRODUCT_NAME = "$(TARGET_NAME)";
				SWIFT_EMIT_LOC_STRINGS = YES;
				SWIFT_VERSION = 5.0;
				TARGETED_DEVICE_FAMILY = "1,2";
			};
			name = Release;
		};
		375A3CD22D93778A002D05FC /* Debug */ = {
			isa = XCBuildConfiguration;
			buildSettings = {
				BUNDLE_LOADER = "$(TEST_HOST)";
				CODE_SIGN_STYLE = Automatic;
				CURRENT_PROJECT_VERSION = 1;
				DEVELOPMENT_TEAM = D8ABT7TUL8;
				GENERATE_INFOPLIST_FILE = YES;
				IPHONEOS_DEPLOYMENT_TARGET = 18.2;
				MARKETING_VERSION = 1.0;
				PRODUCT_BUNDLE_IDENTIFIER = cs6221.SpotifyishTests;
				PRODUCT_NAME = "$(TARGET_NAME)";
				SWIFT_EMIT_LOC_STRINGS = NO;
				SWIFT_VERSION = 5.0;
				TARGETED_DEVICE_FAMILY = "1,2";
				TEST_HOST = "$(BUILT_PRODUCTS_DIR)/Spotifyish.app/$(BUNDLE_EXECUTABLE_FOLDER_PATH)/Spotifyish";
			};
			name = Debug;
		};
		375A3CD32D93778A002D05FC /* Release */ = {
			isa = XCBuildConfiguration;
			buildSettings = {
				BUNDLE_LOADER = "$(TEST_HOST)";
				CODE_SIGN_STYLE = Automatic;
				CURRENT_PROJECT_VERSION = 1;
				DEVELOPMENT_TEAM = D8ABT7TUL8;
				GENERATE_INFOPLIST_FILE = YES;
				IPHONEOS_DEPLOYMENT_TARGET = 18.2;
				MARKETING_VERSION = 1.0;
				PRODUCT_BUNDLE_IDENTIFIER = cs6221.SpotifyishTests;
				PRODUCT_NAME = "$(TARGET_NAME)";
				SWIFT_EMIT_LOC_STRINGS = NO;
				SWIFT_VERSION = 5.0;
				TARGETED_DEVICE_FAMILY = "1,2";
				TEST_HOST = "$(BUILT_PRODUCTS_DIR)/Spotifyish.app/$(BUNDLE_EXECUTABLE_FOLDER_PATH)/Spotifyish";
			};
			name = Release;
		};
		375A3CD52D93778A002D05FC /* Debug */ = {
			isa = XCBuildConfiguration;
			buildSettings = {
				CODE_SIGN_STYLE = Automatic;
				CURRENT_PROJECT_VERSION = 1;
				DEVELOPMENT_TEAM = D8ABT7TUL8;
				GENERATE_INFOPLIST_FILE = YES;
				MARKETING_VERSION = 1.0;
				PRODUCT_BUNDLE_IDENTIFIER = cs6221.SpotifyishUITests;
				PRODUCT_NAME = "$(TARGET_NAME)";
				SWIFT_EMIT_LOC_STRINGS = NO;
				SWIFT_VERSION = 5.0;
				TARGETED_DEVICE_FAMILY = "1,2";
				TEST_TARGET_NAME = Spotifyish;
			};
			name = Debug;
		};
		375A3CD62D93778A002D05FC /* Release */ = {
			isa = XCBuildConfiguration;
			buildSettings = {
				CODE_SIGN_STYLE = Automatic;
				CURRENT_PROJECT_VERSION = 1;
				DEVELOPMENT_TEAM = D8ABT7TUL8;
				GENERATE_INFOPLIST_FILE = YES;
				MARKETING_VERSION = 1.0;
				PRODUCT_BUNDLE_IDENTIFIER = cs6221.SpotifyishUITests;
				PRODUCT_NAME = "$(TARGET_NAME)";
				SWIFT_EMIT_LOC_STRINGS = NO;
				SWIFT_VERSION = 5.0;
				TARGETED_DEVICE_FAMILY = "1,2";
				TEST_TARGET_NAME = Spotifyish;
			};
			name = Release;
		};
/* End XCBuildConfiguration section */

/* Begin XCConfigurationList section */
		375A3CA02D937789002D05FC /* Build configuration list for PBXProject "Spotifyish" */ = {
			isa = XCConfigurationList;
			buildConfigurations = (
				375A3CCC2D93778A002D05FC /* Debug */,
				375A3CCD2D93778A002D05FC /* Release */,
			);
			defaultConfigurationIsVisible = 0;
			defaultConfigurationName = Release;
		};
		375A3CCE2D93778A002D05FC /* Build configuration list for PBXNativeTarget "Spotifyish" */ = {
			isa = XCConfigurationList;
			buildConfigurations = (
				375A3CCF2D93778A002D05FC /* Debug */,
				375A3CD02D93778A002D05FC /* Release */,
			);
			defaultConfigurationIsVisible = 0;
			defaultConfigurationName = Release;
		};
		375A3CD12D93778A002D05FC /* Build configuration list for PBXNativeTarget "SpotifyishTests" */ = {
			isa = XCConfigurationList;
			buildConfigurations = (
				375A3CD22D93778A002D05FC /* Debug */,
				375A3CD32D93778A002D05FC /* Release */,
			);
			defaultConfigurationIsVisible = 0;
			defaultConfigurationName = Release;
		};
		375A3CD42D93778A002D05FC /* Build configuration list for PBXNativeTarget "SpotifyishUITests" */ = {
			isa = XCConfigurationList;
			buildConfigurations = (
				375A3CD52D93778A002D05FC /* Debug */,
				375A3CD62D93778A002D05FC /* Release */,
			);
			defaultConfigurationIsVisible = 0;
			defaultConfigurationName = Release;
		};
/* End XCConfigurationList section */

/* Begin XCRemoteSwiftPackageReference section */
		2B6639122DA310240091AEF3 /* XCRemoteSwiftPackageReference "SDWebImageSwiftUI" */ = {
			isa = XCRemoteSwiftPackageReference;
			repositoryURL = "https://github.com/SDWebImage/SDWebImageSwiftUI.git";
			requirement = {
				kind = upToNextMajorVersion;
				minimumVersion = 3.1.3;
			};
		};
		2B6639152DA3102E0091AEF3 /* XCRemoteSwiftPackageReference "SwiftfulUI" */ = {
			isa = XCRemoteSwiftPackageReference;
			repositoryURL = "https://github.com/SwiftfulThinking/SwiftfulUI.git";
			requirement = {
				kind = upToNextMajorVersion;
				minimumVersion = 1.2.0;
			};
		};
		2B6639182DA310390091AEF3 /* XCRemoteSwiftPackageReference "SwiftfulRouting" */ = {
			isa = XCRemoteSwiftPackageReference;
			repositoryURL = "https://github.com/SwiftfulThinking/SwiftfulRouting.git";
			requirement = {
				kind = upToNextMajorVersion;
				minimumVersion = 5.3.6;
			};
		};
/* End XCRemoteSwiftPackageReference section */

/* Begin XCSwiftPackageProductDependency section */
		2B6639132DA310240091AEF3 /* SDWebImageSwiftUI */ = {
			isa = XCSwiftPackageProductDependency;
			package = 2B6639122DA310240091AEF3 /* XCRemoteSwiftPackageReference "SDWebImageSwiftUI" */;
			productName = SDWebImageSwiftUI;
		};
		2B6639162DA3102E0091AEF3 /* SwiftfulUI */ = {
			isa = XCSwiftPackageProductDependency;
			package = 2B6639152DA3102E0091AEF3 /* XCRemoteSwiftPackageReference "SwiftfulUI" */;
			productName = SwiftfulUI;
		};
		2B6639192DA310390091AEF3 /* SwiftfulRouting */ = {
			isa = XCSwiftPackageProductDependency;
			package = 2B6639182DA310390091AEF3 /* XCRemoteSwiftPackageReference "SwiftfulRouting" */;
			productName = SwiftfulRouting;
		};
/* End XCSwiftPackageProductDependency section */
	};
	rootObject = 375A3C9D2D937789002D05FC /* Project object */;
}
